// !$*UTF8*$!
{
	archiveVersion = 1;
	classes = {
	};
	objectVersion = 46;
	objects = {

/* Begin PBXBuildFile section */
		A82D53B319C86686003E383F /* Foundation.framework in Frameworks */ = {isa = PBXBuildFile; fileRef = A82D53B219C86686003E383F /* Foundation.framework */; };
		A82D53B519C86686003E383F /* CoreGraphics.framework in Frameworks */ = {isa = PBXBuildFile; fileRef = A82D53B419C86686003E383F /* CoreGraphics.framework */; };
		A82D53B719C86686003E383F /* UIKit.framework in Frameworks */ = {isa = PBXBuildFile; fileRef = A82D53B619C86686003E383F /* UIKit.framework */; };
		A82D53BD19C86686003E383F /* InfoPlist.strings in Resources */ = {isa = PBXBuildFile; fileRef = A82D53BB19C86686003E383F /* InfoPlist.strings */; };
		A82D53BF19C86687003E383F /* main.m in Sources */ = {isa = PBXBuildFile; fileRef = A82D53BE19C86687003E383F /* main.m */; };
		A82D53C319C86687003E383F /* AppDelegate.m in Sources */ = {isa = PBXBuildFile; fileRef = A82D53C219C86687003E383F /* AppDelegate.m */; };
		A82D53C619C86687003E383F /* Main_iPhone.storyboard in Resources */ = {isa = PBXBuildFile; fileRef = A82D53C419C86687003E383F /* Main_iPhone.storyboard */; };
		A82D53C919C86687003E383F /* Main_iPad.storyboard in Resources */ = {isa = PBXBuildFile; fileRef = A82D53C719C86687003E383F /* Main_iPad.storyboard */; };
		A82D53CE19C86687003E383F /* Images.xcassets in Resources */ = {isa = PBXBuildFile; fileRef = A82D53CD19C86687003E383F /* Images.xcassets */; };
		A82D53D519C86687003E383F /* XCTest.framework in Frameworks */ = {isa = PBXBuildFile; fileRef = A82D53D419C86687003E383F /* XCTest.framework */; };
		A82D53D619C86687003E383F /* Foundation.framework in Frameworks */ = {isa = PBXBuildFile; fileRef = A82D53B219C86686003E383F /* Foundation.framework */; };
		A82D53D719C86687003E383F /* UIKit.framework in Frameworks */ = {isa = PBXBuildFile; fileRef = A82D53B619C86686003E383F /* UIKit.framework */; };
		A82D53DF19C86687003E383F /* InfoPlist.strings in Resources */ = {isa = PBXBuildFile; fileRef = A82D53DD19C86687003E383F /* InfoPlist.strings */; };
		A82D53E119C86687003E383F /* fontTableTests.m in Sources */ = {isa = PBXBuildFile; fileRef = A82D53E019C86687003E383F /* fontTableTests.m */; };
		A82D53EC19C867BF003E383F /* fontTable.m in Sources */ = {isa = PBXBuildFile; fileRef = A82D53EB19C867BF003E383F /* fontTable.m */; };
		A8E47DE319C93AE300F00D4A /* fontViewController.m in Sources */ = {isa = PBXBuildFile; fileRef = A8E47DE219C93AE300F00D4A /* fontViewController.m */; };
/* End PBXBuildFile section */

/* Begin PBXContainerItemProxy section */
		A82D53D819C86687003E383F /* PBXContainerItemProxy */ = {
			isa = PBXContainerItemProxy;
			containerPortal = A82D53A719C86686003E383F /* Project object */;
			proxyType = 1;
			remoteGlobalIDString = A82D53AE19C86686003E383F;
			remoteInfo = fontTable;
		};
/* End PBXContainerItemProxy section */

/* Begin PBXFileReference section */
		A82D53AF19C86686003E383F /* fontTable.app */ = {isa = PBXFileReference; explicitFileType = wrapper.application; includeInIndex = 0; path = fontTable.app; sourceTree = BUILT_PRODUCTS_DIR; };
		A82D53B219C86686003E383F /* Foundation.framework */ = {isa = PBXFileReference; lastKnownFileType = wrapper.framework; name = Foundation.framework; path = System/Library/Frameworks/Foundation.framework; sourceTree = SDKROOT; };
		A82D53B419C86686003E383F /* CoreGraphics.framework */ = {isa = PBXFileReference; lastKnownFileType = wrapper.framework; name = CoreGraphics.framework; path = System/Library/Frameworks/CoreGraphics.framework; sourceTree = SDKROOT; };
		A82D53B619C86686003E383F /* UIKit.framework */ = {isa = PBXFileReference; lastKnownFileType = wrapper.framework; name = UIKit.framework; path = System/Library/Frameworks/UIKit.framework; sourceTree = SDKROOT; };
		A82D53BA19C86686003E383F /* fontTable-Info.plist */ = {isa = PBXFileReference; lastKnownFileType = text.plist.xml; path = "fontTable-Info.plist"; sourceTree = "<group>"; };
		A82D53BC19C86686003E383F /* en */ = {isa = PBXFileReference; lastKnownFileType = text.plist.strings; name = en; path = en.lproj/InfoPlist.strings; sourceTree = "<group>"; };
		A82D53BE19C86687003E383F /* main.m */ = {isa = PBXFileReference; lastKnownFileType = sourcecode.c.objc; path = main.m; sourceTree = "<group>"; };
		A82D53C019C86687003E383F /* fontTable-Prefix.pch */ = {isa = PBXFileReference; lastKnownFileType = sourcecode.c.h; path = "fontTable-Prefix.pch"; sourceTree = "<group>"; };
		A82D53C119C86687003E383F /* AppDelegate.h */ = {isa = PBXFileReference; lastKnownFileType = sourcecode.c.h; path = AppDelegate.h; sourceTree = "<group>"; };
		A82D53C219C86687003E383F /* AppDelegate.m */ = {isa = PBXFileReference; lastKnownFileType = sourcecode.c.objc; path = AppDelegate.m; sourceTree = "<group>"; };
		A82D53C519C86687003E383F /* Base */ = {isa = PBXFileReference; lastKnownFileType = file.storyboard; name = Base; path = Base.lproj/Main_iPhone.storyboard; sourceTree = "<group>"; };
		A82D53C819C86687003E383F /* Base */ = {isa = PBXFileReference; lastKnownFileType = file.storyboard; name = Base; path = Base.lproj/Main_iPad.storyboard; sourceTree = "<group>"; };
		A82D53CD19C86687003E383F /* Images.xcassets */ = {isa = PBXFileReference; lastKnownFileType = folder.assetcatalog; path = Images.xcassets; sourceTree = "<group>"; };
		A82D53D319C86687003E383F /* fontTableTests.xctest */ = {isa = PBXFileReference; explicitFileType = wrapper.cfbundle; includeInIndex = 0; path = fontTableTests.xctest; sourceTree = BUILT_PRODUCTS_DIR; };
		A82D53D419C86687003E383F /* XCTest.framework */ = {isa = PBXFileReference; lastKnownFileType = wrapper.framework; name = XCTest.framework; path = Library/Frameworks/XCTest.framework; sourceTree = DEVELOPER_DIR; };
		A82D53DC19C86687003E383F /* fontTableTests-Info.plist */ = {isa = PBXFileReference; lastKnownFileType = text.plist.xml; path = "fontTableTests-Info.plist"; sourceTree = "<group>"; };
		A82D53DE19C86687003E383F /* en */ = {isa = PBXFileReference; lastKnownFileType = text.plist.strings; name = en; path = en.lproj/InfoPlist.strings; sourceTree = "<group>"; };
		A82D53E019C86687003E383F /* fontTableTests.m */ = {isa = PBXFileReference; lastKnownFileType = sourcecode.c.objc; path = fontTableTests.m; sourceTree = "<group>"; };
		A82D53EA19C867BF003E383F /* fontTable.h */ = {isa = PBXFileReference; fileEncoding = 4; lastKnownFileType = sourcecode.c.h; path = fontTable.h; sourceTree = "<group>"; };
		A82D53EB19C867BF003E383F /* fontTable.m */ = {isa = PBXFileReference; fileEncoding = 4; lastKnownFileType = sourcecode.c.objc; path = fontTable.m; sourceTree = "<group>"; };
		A8E47DE119C93AE300F00D4A /* fontViewController.h */ = {isa = PBXFileReference; fileEncoding = 4; lastKnownFileType = sourcecode.c.h; path = fontViewController.h; sourceTree = "<group>"; };
		A8E47DE219C93AE300F00D4A /* fontViewController.m */ = {isa = PBXFileReference; fileEncoding = 4; lastKnownFileType = sourcecode.c.objc; path = fontViewController.m; sourceTree = "<group>"; };
/* End PBXFileReference section */

/* Begin PBXFrameworksBuildPhase section */
		A82D53AC19C86686003E383F /* Frameworks */ = {
			isa = PBXFrameworksBuildPhase;
			buildActionMask = 2147483647;
			files = (
				A82D53B519C86686003E383F /* CoreGraphics.framework in Frameworks */,
				A82D53B719C86686003E383F /* UIKit.framework in Frameworks */,
				A82D53B319C86686003E383F /* Foundation.framework in Frameworks */,
			);
			runOnlyForDeploymentPostprocessing = 0;
		};
		A82D53D019C86687003E383F /* Frameworks */ = {
			isa = PBXFrameworksBuildPhase;
			buildActionMask = 2147483647;
			files = (
				A82D53D519C86687003E383F /* XCTest.framework in Frameworks */,
				A82D53D719C86687003E383F /* UIKit.framework in Frameworks */,
				A82D53D619C86687003E383F /* Foundation.framework in Frameworks */,
			);
			runOnlyForDeploymentPostprocessing = 0;
		};
/* End PBXFrameworksBuildPhase section */

/* Begin PBXGroup section */
		A82D53A619C86686003E383F = {
			isa = PBXGroup;
			children = (
				A82D53B819C86686003E383F /* fontTable */,
				A82D53DA19C86687003E383F /* fontTableTests */,
				A82D53B119C86686003E383F /* Frameworks */,
				A82D53B019C86686003E383F /* Products */,
			);
			sourceTree = "<group>";
		};
		A82D53B019C86686003E383F /* Products */ = {
			isa = PBXGroup;
			children = (
				A82D53AF19C86686003E383F /* fontTable.app */,
				A82D53D319C86687003E383F /* fontTableTests.xctest */,
			);
			name = Products;
			sourceTree = "<group>";
		};
		A82D53B119C86686003E383F /* Frameworks */ = {
			isa = PBXGroup;
			children = (
				A82D53B219C86686003E383F /* Foundation.framework */,
				A82D53B419C86686003E383F /* CoreGraphics.framework */,
				A82D53B619C86686003E383F /* UIKit.framework */,
				A82D53D419C86687003E383F /* XCTest.framework */,
			);
			name = Frameworks;
			sourceTree = "<group>";
		};
		A82D53B819C86686003E383F /* fontTable */ = {
			isa = PBXGroup;
			children = (
				A82D53C119C86687003E383F /* AppDelegate.h */,
				A82D53C219C86687003E383F /* AppDelegate.m */,
				A82D53C419C86687003E383F /* Main_iPhone.storyboard */,
				A8E47DE119C93AE300F00D4A /* fontViewController.h */,
				A8E47DE219C93AE300F00D4A /* fontViewController.m */,
				A82D53EA19C867BF003E383F /* fontTable.h */,
				A82D53EB19C867BF003E383F /* fontTable.m */,
				A82D53C719C86687003E383F /* Main_iPad.storyboard */,
				A82D53CD19C86687003E383F /* Images.xcassets */,
				A82D53B919C86686003E383F /* Supporting Files */,
			);
			path = fontTable;
			sourceTree = "<group>";
		};
		A82D53B919C86686003E383F /* Supporting Files */ = {
			isa = PBXGroup;
			children = (
				A82D53BA19C86686003E383F /* fontTable-Info.plist */,
				A82D53BB19C86686003E383F /* InfoPlist.strings */,
				A82D53BE19C86687003E383F /* main.m */,
				A82D53C019C86687003E383F /* fontTable-Prefix.pch */,
			);
			name = "Supporting Files";
			sourceTree = "<group>";
		};
		A82D53DA19C86687003E383F /* fontTableTests */ = {
			isa = PBXGroup;
			children = (
				A82D53E019C86687003E383F /* fontTableTests.m */,
				A82D53DB19C86687003E383F /* Supporting Files */,
			);
			path = fontTableTests;
			sourceTree = "<group>";
		};
		A82D53DB19C86687003E383F /* Supporting Files */ = {
			isa = PBXGroup;
			children = (
				A82D53DC19C86687003E383F /* fontTableTests-Info.plist */,
				A82D53DD19C86687003E383F /* InfoPlist.strings */,
			);
			name = "Supporting Files";
			sourceTree = "<group>";
		};
/* End PBXGroup section */

/* Begin PBXNativeTarget section */
		A82D53AE19C86686003E383F /* fontTable */ = {
			isa = PBXNativeTarget;
			buildConfigurationList = A82D53E419C86687003E383F /* Build configuration list for PBXNativeTarget "fontTable" */;
			buildPhases = (
				A82D53AB19C86686003E383F /* Sources */,
				A82D53AC19C86686003E383F /* Frameworks */,
				A82D53AD19C86686003E383F /* Resources */,
			);
			buildRules = (
			);
			dependencies = (
			);
			name = fontTable;
			productName = fontTable;
			productReference = A82D53AF19C86686003E383F /* fontTable.app */;
			productType = "com.apple.product-type.application";
		};
		A82D53D219C86687003E383F /* fontTableTests */ = {
			isa = PBXNativeTarget;
			buildConfigurationList = A82D53E719C86687003E383F /* Build configuration list for PBXNativeTarget "fontTableTests" */;
			buildPhases = (
				A82D53CF19C86687003E383F /* Sources */,
				A82D53D019C86687003E383F /* Frameworks */,
				A82D53D119C86687003E383F /* Resources */,
			);
			buildRules = (
			);
			dependencies = (
				A82D53D919C86687003E383F /* PBXTargetDependency */,
			);
			name = fontTableTests;
			productName = fontTableTests;
			productReference = A82D53D319C86687003E383F /* fontTableTests.xctest */;
			productType = "com.apple.product-type.bundle.unit-test";
		};
/* End PBXNativeTarget section */

/* Begin PBXProject section */
		A82D53A719C86686003E383F /* Project object */ = {
			isa = PBXProject;
			attributes = {
				LastUpgradeCheck = 0510;
				ORGANIZATIONNAME = Paradigmcreatives;
				TargetAttributes = {
					A82D53D219C86687003E383F = {
						TestTargetID = A82D53AE19C86686003E383F;
					};
				};
			};
			buildConfigurationList = A82D53AA19C86686003E383F /* Build configuration list for PBXProject "fontTable" */;
			compatibilityVersion = "Xcode 3.2";
			developmentRegion = English;
			hasScannedForEncodings = 0;
			knownRegions = (
				en,
				Base,
			);
			mainGroup = A82D53A619C86686003E383F;
			productRefGroup = A82D53B019C86686003E383F /* Products */;
			projectDirPath = "";
			projectRoot = "";
			targets = (
				A82D53AE19C86686003E383F /* fontTable */,
				A82D53D219C86687003E383F /* fontTableTests */,
			);
		};
/* End PBXProject section */

/* Begin PBXResourcesBuildPhase section */
		A82D53AD19C86686003E383F /* Resources */ = {
			isa = PBXResourcesBuildPhase;
			buildActionMask = 2147483647;
			files = (
				A82D53C919C86687003E383F /* Main_iPad.storyboard in Resources */,
				A82D53CE19C86687003E383F /* Images.xcassets in Resources */,
				A82D53C619C86687003E383F /* Main_iPhone.storyboard in Resources */,
				A82D53BD19C86686003E383F /* InfoPlist.strings in Resources */,
			);
			runOnlyForDeploymentPostprocessing = 0;
		};
		A82D53D119C86687003E383F /* Resources */ = {
			isa = PBXResourcesBuildPhase;
			buildActionMask = 2147483647;
			files = (
				A82D53DF19C86687003E383F /* InfoPlist.strings in Resources */,
			);
			runOnlyForDeploymentPostprocessing = 0;
		};
/* End PBXResourcesBuildPhase section */

/* Begin PBXSourcesBuildPhase section */
		A82D53AB19C86686003E383F /* Sources */ = {
			isa = PBXSourcesBuildPhase;
			buildActionMask = 2147483647;
			files = (
				A82D53C319C86687003E383F /* AppDelegate.m in Sources */,
				A8E47DE319C93AE300F00D4A /* fontViewController.m in Sources */,
				A82D53BF19C86687003E383F /* main.m in Sources */,
				A82D53EC19C867BF003E383F /* fontTable.m in Sources */,
			);
			runOnlyForDeploymentPostprocessing = 0;
		};
		A82D53CF19C86687003E383F /* Sources */ = {
			isa = PBXSourcesBuildPhase;
			buildActionMask = 2147483647;
			files = (
				A82D53E119C86687003E383F /* fontTableTests.m in Sources */,
			);
			runOnlyForDeploymentPostprocessing = 0;
		};
/* End PBXSourcesBuildPhase section */

/* Begin PBXTargetDependency section */
		A82D53D919C86687003E383F /* PBXTargetDependency */ = {
			isa = PBXTargetDependency;
			target = A82D53AE19C86686003E383F /* fontTable */;
			targetProxy = A82D53D819C86687003E383F /* PBXContainerItemProxy */;
		};
/* End PBXTargetDependency section */

/* Begin PBXVariantGroup section */
		A82D53BB19C86686003E383F /* InfoPlist.strings */ = {
			isa = PBXVariantGroup;
			children = (
				A82D53BC19C86686003E383F /* en */,
			);
			name = InfoPlist.strings;
			sourceTree = "<group>";
		};
		A82D53C419C86687003E383F /* Main_iPhone.storyboard */ = {
			isa = PBXVariantGroup;
			children = (
				A82D53C519C86687003E383F /* Base */,
			);
			name = Main_iPhone.storyboard;
			sourceTree = "<group>";
		};
		A82D53C719C86687003E383F /* Main_iPad.storyboard */ = {
			isa = PBXVariantGroup;
			children = (
				A82D53C819C86687003E383F /* Base */,
			);
			name = Main_iPad.storyboard;
			sourceTree = "<group>";
		};
		A82D53DD19C86687003E383F /* InfoPlist.strings */ = {
			isa = PBXVariantGroup;
			children = (
				A82D53DE19C86687003E383F /* en */,
			);
			name = InfoPlist.strings;
			sourceTree = "<group>";
		};
/* End PBXVariantGroup section */

/* Begin XCBuildConfiguration section */
		A82D53E219C86687003E383F /* Debug */ = {
			isa = XCBuildConfiguration;
			buildSettings = {
				ALWAYS_SEARCH_USER_PATHS = NO;
				CLANG_CXX_LANGUAGE_STANDARD = "gnu++0x";
				CLANG_CXX_LIBRARY = "libc++";
				CLANG_ENABLE_MODULES = YES;
				CLANG_ENABLE_OBJC_ARC = YES;
				CLANG_WARN_BOOL_CONVERSION = YES;
				CLANG_WARN_CONSTANT_CONVERSION = YES;
				CLANG_WARN_DIRECT_OBJC_ISA_USAGE = YES_ERROR;
				CLANG_WARN_EMPTY_BODY = YES;
				CLANG_WARN_ENUM_CONVERSION = YES;
				CLANG_WARN_INT_CONVERSION = YES;
				CLANG_WARN_OBJC_ROOT_CLASS = YES_ERROR;
				CLANG_WARN__DUPLICATE_METHOD_MATCH = YES;
				"CODE_SIGN_IDENTITY[sdk=iphoneos*]" = "iPhone Developer";
				COPY_PHASE_STRIP = NO;
				GCC_C_LANGUAGE_STANDARD = gnu99;
				GCC_DYNAMIC_NO_PIC = NO;
				GCC_OPTIMIZATION_LEVEL = 0;
				GCC_PREPROCESSOR_DEFINITIONS = (
					"DEBUG=1",
					"$(inherited)",
				);
				GCC_SYMBOLS_PRIVATE_EXTERN = NO;
				GCC_WARN_64_TO_32_BIT_CONVERSION = YES;
				GCC_WARN_ABOUT_RETURN_TYPE = YES_ERROR;
				GCC_WARN_UNDECLARED_SELECTOR = YES;
				GCC_WARN_UNINITIALIZED_AUTOS = YES_AGGRESSIVE;
				GCC_WARN_UNUSED_FUNCTION = YES;
				GCC_WARN_UNUSED_VARIABLE = YES;
				IPHONEOS_DEPLOYMENT_TARGET = 7.1;
				ONLY_ACTIVE_ARCH = YES;
				SDKROOT = iphoneos;
				TARGETED_DEVICE_FAMILY = "1,2";
			};
			name = Debug;
		};
		A82D53E319C86687003E383F /* Release */ = {
			isa = XCBuildConfiguration;
			buildSettings = {
				ALWAYS_SEARCH_USER_PATHS = NO;
				CLANG_CXX_LANGUAGE_STANDARD = "gnu++0x";
				CLANG_CXX_LIBRARY = "libc++";
				CLANG_ENABLE_MODULES = YES;
				CLANG_ENABLE_OBJC_ARC = YES;
				CLANG_WARN_BOOL_CONVERSION = YES;
				CLANG_WARN_CONSTANT_CONVERSION = YES;
				CLANG_WARN_DIRECT_OBJC_ISA_USAGE = YES_ERROR;
				CLANG_WARN_EMPTY_BODY = YES;
				CLANG_WARN_ENUM_CONVERSION = YES;
				CLANG_WARN_INT_CONVERSION = YES;
				CLANG_WARN_OBJC_ROOT_CLASS = YES_ERROR;
				CLANG_WARN__DUPLICATE_METHOD_MATCH = YES;
				"CODE_SIGN_IDENTITY[sdk=iphoneos*]" = "iPhone Developer";
				COPY_PHASE_STRIP = YES;
				ENABLE_NS_ASSERTIONS = NO;
				GCC_C_LANGUAGE_STANDARD = gnu99;
				GCC_WARN_64_TO_32_BIT_CONVERSION = YES;
				GCC_WARN_ABOUT_RETURN_TYPE = YES_ERROR;
				GCC_WARN_UNDECLARED_SELECTOR = YES;
				GCC_WARN_UNINITIALIZED_AUTOS = YES_AGGRESSIVE;
				GCC_WARN_UNUSED_FUNCTION = YES;
				GCC_WARN_UNUSED_VARIABLE = YES;
				IPHONEOS_DEPLOYMENT_TARGET = 7.1;
				SDKROOT = iphoneos;
				TARGETED_DEVICE_FAMILY = "1,2";
				VALIDATE_PRODUCT = YES;
			};
			name = Release;
		};
		A82D53E519C86687003E383F /* Debug */ = {
			isa = XCBuildConfiguration;
			buildSettings = {
				ASSETCATALOG_COMPILER_APPICON_NAME = AppIcon;
				ASSETCATALOG_COMPILER_LAUNCHIMAGE_NAME = LaunchImage;
				GCC_PRECOMPILE_PREFIX_HEADER = YES;
				GCC_PREFIX_HEADER = "fontTable/fontTable-Prefix.pch";
				INFOPLIST_FILE = "fontTable/fontTable-Info.plist";
				PRODUCT_NAME = "$(TARGET_NAME)";
				WRAPPER_EXTENSION = app;
			};
			name = Debug;
		};
		A82D53E619C86687003E383F /* Release */ = {
			isa = XCBuildConfiguration;
			buildSettings = {
				ASSETCATALOG_COMPILER_APPICON_NAME = AppIcon;
				ASSETCATALOG_COMPILER_LAUNCHIMAGE_NAME = LaunchImage;
				GCC_PRECOMPILE_PREFIX_HEADER = YES;
				GCC_PREFIX_HEADER = "fontTable/fontTable-Prefix.pch";
				INFOPLIST_FILE = "fontTable/fontTable-Info.plist";
				PRODUCT_NAME = "$(TARGET_NAME)";
				WRAPPER_EXTENSION = app;
			};
			name = Release;
		};
		A82D53E819C86687003E383F /* Debug */ = {
			isa = XCBuildConfiguration;
			buildSettings = {
				BUNDLE_LOADER = "$(BUILT_PRODUCTS_DIR)/fontTable.app/fontTable";
				FRAMEWORK_SEARCH_PATHS = (
					"$(SDKROOT)/Developer/Library/Frameworks",
					"$(inherited)",
					"$(DEVELOPER_FRAMEWORKS_DIR)",
				);
				GCC_PRECOMPILE_PREFIX_HEADER = YES;
				GCC_PREFIX_HEADER = "fontTable/fontTable-Prefix.pch";
				GCC_PREPROCESSOR_DEFINITIONS = (
					"DEBUG=1",
					"$(inherited)",
				);
				INFOPLIST_FILE = "fontTableTests/fontTableTests-Info.plist";
				PRODUCT_NAME = "$(TARGET_NAME)";
				TEST_HOST = "$(BUNDLE_LOADER)";
				WRAPPER_EXTENSION = xctest;
			};
			name = Debug;
		};
		A82D53E919C86687003E383F /* Release */ = {
			isa = XCBuildConfiguration;
			buildSettings = {
				BUNDLE_LOADER = "$(BUILT_PRODUCTS_DIR)/fontTable.app/fontTable";
				FRAMEWORK_SEARCH_PATHS = (
					"$(SDKROOT)/Developer/Library/Frameworks",
					"$(inherited)",
					"$(DEVELOPER_FRAMEWORKS_DIR)",
				);
				GCC_PRECOMPILE_PREFIX_HEADER = YES;
				GCC_PREFIX_HEADER = "fontTable/fontTable-Prefix.pch";
				INFOPLIST_FILE = "fontTableTests/fontTableTests-Info.plist";
				PRODUCT_NAME = "$(TARGET_NAME)";
				TEST_HOST = "$(BUNDLE_LOADER)";
				WRAPPER_EXTENSION = xctest;
			};
			name = Release;
		};
/* End XCBuildConfiguration section */

/* Begin XCConfigurationList section */
		A82D53AA19C86686003E383F /* Build configuration list for PBXProject "fontTable" */ = {
			isa = XCConfigurationList;
			buildConfigurations = (
				A82D53E219C86687003E383F /* Debug */,
				A82D53E319C86687003E383F /* Release */,
			);
			defaultConfigurationIsVisible = 0;
			defaultConfigurationName = Release;
		};
		A82D53E419C86687003E383F /* Build configuration list for PBXNativeTarget "fontTable" */ = {
			isa = XCConfigurationList;
			buildConfigurations = (
				A82D53E519C86687003E383F /* Debug */,
				A82D53E619C86687003E383F /* Release */,
			);
			defaultConfigurationIsVisible = 0;
			defaultConfigurationName = Release;
		};
		A82D53E719C86687003E383F /* Build configuration list for PBXNativeTarget "fontTableTests" */ = {
			isa = XCConfigurationList;
			buildConfigurations = (
				A82D53E819C86687003E383F /* Debug */,
				A82D53E919C86687003E383F /* Release */,
			);
			defaultConfigurationIsVisible = 0;
			defaultConfigurationName = Release;
		};
/* End XCConfigurationList section */
	};
	rootObject = A82D53A719C86686003E383F /* Project object */;
}
